
Microsoft Visual Studio Solution File, Format Version 12.00
# Visual Studio 2013
Project("{FAE04EC0-301F-11D3-BF4B-00C04F79EFBC}") = "UnityVS.View.CSharp", "UnityVS.View.CSharp.csproj", "{D753E016-3F31-6EF3-B33B-EE1612FF131F}"
EndProject
Project("{FAE04EC0-301F-11D3-BF4B-00C04F79EFBC}") = "UnityVS.View.CSharp.Editor", "UnityVS.View.CSharp.Editor.csproj", "{A1B0FED6-4C6B-106C-1B58-2E3E3A5E071A}"
EndProject
Global
	GlobalSection(SolutionConfigurationPlatforms) = preSolution
		Debug|Any CPU = Debug|Any CPU
		Release|Any CPU = Release|Any CPU
	EndGlobalSection
	GlobalSection(ProjectConfigurationPlatforms) = postSolution
		{D753E016-3F31-6EF3-B33B-EE1612FF131F}.Debug|Any CPU.ActiveCfg = Debug|Any CPU
		{D753E016-3F31-6EF3-B33B-EE1612FF131F}.Debug|Any CPU.Build.0 = Debug|Any CPU
		{D753E016-3F31-6EF3-B33B-EE1612FF131F}.Release|Any CPU.ActiveCfg = Release|Any CPU
		{D753E016-3F31-6EF3-B33B-EE1612FF131F}.Release|Any CPU.Build.0 = Release|Any CPU
		{A1B0FED6-4C6B-106C-1B58-2E3E3A5E071A}.Debug|Any CPU.ActiveCfg = Debug|Any CPU
		{A1B0FED6-4C6B-106C-1B58-2E3E3A5E071A}.Debug|Any CPU.Build.0 = Debug|Any CPU
		{A1B0FED6-4C6B-106C-1B58-2E3E3A5E071A}.Release|Any CPU.ActiveCfg = Release|Any CPU
		{A1B0FED6-4C6B-106C-1B58-2E3E3A5E071A}.Release|Any CPU.Build.0 = Release|Any CPU
	EndGlobalSection
	GlobalSection(SolutionProperties) = preSolution
		HideSolutionNode = FALSE
	EndGlobalSection
EndGlobal
